<?xml version="1.0" encoding="utf-8"?>
<Project ToolsVersion="4.0" xmlns="http://schemas.microsoft.com/developer/msbuild/2003">
  <ItemGroup>
    <Filter Include="Source Files">
      <UniqueIdentifier>{4FC737F1-C7A5-4376-A066-2A32D752A2FF}</UniqueIdentifier>
      <Extensions>cpp;c;cc;cxx;c++;cppm;ixx;def;odl;idl;hpj;bat;asm;asmx</Extensions>
    </Filter>
    <Filter Include="Header Files">
      <UniqueIdentifier>{93995380-89BD-4b04-88EB-625FBE52EBFB}</UniqueIdentifier>
      <Extensions>h;hh;hpp;hxx;h++;hm;inl;inc;ipp;xsd</Extensions>
    </Filter>
    <Filter Include="Resource Files">
      <UniqueIdentifier>{67DA6AB6-F800-4c08-8B7A-83BB121AAD01}</UniqueIdentifier>
      <Extensions>rc;ico;cur;bmp;dlg;rc2;rct;bin;rgs;gif;jpg;jpeg;jpe;resx;tiff;tif;png;wav;mfcribbon-ms</Extensions>
    </Filter>
  </ItemGroup>
  <ItemGroup>
    <ClCompile Include="start.cpp">
      <Filter>Source Files</Filter>
    </ClCompile>
    <ClCompile Include="Utility\Globals.h">
      <Filter>Source Files</Filter>
    </ClCompile>
    <ClCompile Include="DMALibrary\Memory\InputManager.cpp">
      <Filter>Source Files</Filter>
    </ClCompile>
    <ClCompile Include="DMALibrary\Memory\Memory.cpp">
      <Filter>Source Files</Filter>
    </ClCompile>
    <ClCompile Include="DMALibrary\Memory\my_enc.cpp">
      <Filter>Source Files</Filter>
    </ClCompile>
    <ClCompile Include="DMALibrary\Memory\pch.cpp">
      <Filter>Source Files</Filter>
    </ClCompile>
    <ClCompile Include="DMALibrary\Memory\Registry.cpp">
      <Filter>Source Files</Filter>
    </ClCompile>
    <ClCompile Include="DMALibrary\Memory\Shellcode.cpp">
      <Filter>Source Files</Filter>
    </ClCompile>
    <ClCompile Include="DMALibrary\DMALibrary.cpp">
      <Filter>Source Files</Filter>
    </ClCompile>
    <ClCompile Include="DMALibrary\pch.cpp">
      <Filter>Source Files</Filter>
    </ClCompile>
    <ClCompile Include="cache\cache.cpp">
      <Filter>Source Files</Filter>
    </ClCompile>
    <ClCompile Include="Kmbox\KmboxNet.cpp">
      <Filter>Source Files</Filter>
    </ClCompile>
    <ClCompile Include="Aimbot\Aimbot.cpp">
      <Filter>Source Files</Filter>
    </ClCompile>
    <ClCompile Include="ImGUI\imgui.cpp">
      <Filter>Source Files</Filter>
    </ClCompile>
    <ClCompile Include="ImGUI\imgui_demo.cpp">
      <Filter>Source Files</Filter>
    </ClCompile>
    <ClCompile Include="ImGUI\imgui_draw.cpp">
      <Filter>Source Files</Filter>
    </ClCompile>
    <ClCompile Include="ImGUI\imgui_impl_dx11.cpp">
      <Filter>Source Files</Filter>
    </ClCompile>
    <ClCompile Include="ImGUI\imgui_impl_win32.cpp">
      <Filter>Source Files</Filter>
    </ClCompile>
    <ClCompile Include="ImGUI\imgui_tables.cpp">
      <Filter>Source Files</Filter>
    </ClCompile>
    <ClCompile Include="ImGUI\imgui_widgets.cpp">
      <Filter>Source Files</Filter>
    </ClCompile>
    <ClCompile Include="Overlay\Render.cpp">
      <Filter>Source Files</Filter>
    </ClCompile>
    <ClCompile Include="Overlay\Menu.cpp">
      <Filter>Source Files</Filter>
    </ClCompile>
  </ItemGroup>
  <ItemGroup>
    <ClInclude Include="Utility\Vectors.h">
      <Filter>Header Files</Filter>
    </ClInclude>
    <ClInclude Include="cache\decrypt.h">
      <Filter>Header Files</Filter>
    </ClInclude>
    <ClInclude Include="DMALibrary\libs\leechcore.h">
      <Filter>Header Files</Filter>
    </ClInclude>
    <ClInclude Include="DMALibrary\libs\pch.h">
      <Filter>Header Files</Filter>
    </ClInclude>
    <ClInclude Include="DMALibrary\libs\skStr.h">
      <Filter>Header Files</Filter>
    </ClInclude>
    <ClInclude Include="DMALibrary\libs\vmmdll.h">
      <Filter>Header Files</Filter>
    </ClInclude>
    <ClInclude Include="DMALibrary\Memory\consts.h">
      <Filter>Header Files</Filter>
    </ClInclude>
    <ClInclude Include="DMALibrary\Memory\HidTable.h">
      <Filter>Header Files</Filter>
    </ClInclude>
    <ClInclude Include="DMALibrary\Memory\InputManager.h">
      <Filter>Header Files</Filter>
    </ClInclude>
    <ClInclude Include="DMALibrary\Memory\KMBOX.h">
      <Filter>Header Files</Filter>
    </ClInclude>
    <ClInclude Include="DMALibrary\Memory\kmnetlogo.h">
      <Filter>Header Files</Filter>
    </ClInclude>
    <ClInclude Include="DMALibrary\Memory\Memory.h">
      <Filter>Header Files</Filter>
    </ClInclude>
    <ClInclude Include="DMALibrary\Memory\my_enc.h">
      <Filter>Header Files</Filter>
    </ClInclude>
    <ClInclude Include="DMALibrary\Memory\Registry.h">
      <Filter>Header Files</Filter>
    </ClInclude>
    <ClInclude Include="DMALibrary\Memory\Shellcode.h">
      <Filter>Header Files</Filter>
    </ClInclude>
    <ClInclude Include="DMALibrary\Memory\structs.h">
      <Filter>Header Files</Filter>
    </ClInclude>
    <ClInclude Include="DMALibrary\Memory\xorstr.hpp">
      <Filter>Header Files</Filter>
    </ClInclude>
    <ClInclude Include="DMALibrary\nt\structs.h">
      <Filter>Header Files</Filter>
    </ClInclude>
    <ClInclude Include="DMALibrary\framework.h">
      <Filter>Header Files</Filter>
    </ClInclude>
    <ClInclude Include="DMALibrary\pch.h">
      <Filter>Header Files</Filter>
    </ClInclude>
    <ClInclude Include="cache\cache.h">
      <Filter>Header Files</Filter>
    </ClInclude>
    <ClInclude Include="Kmbox\HidTable.h">
      <Filter>Header Files</Filter>
    </ClInclude>
    <ClInclude Include="Kmbox\kmbox_interface.hpp">
      <Filter>Header Files</Filter>
    </ClInclude>
    <ClInclude Include="Kmbox\KmboxNet.h">
      <Filter>Header Files</Filter>
    </ClInclude>
    <ClInclude Include="Aimbot\Aimbot.h">
      <Filter>Header Files</Filter>
    </ClInclude>
    <ClInclude Include="ImGUI\D3DX11.h">
      <Filter>Header Files</Filter>
    </ClInclude>
    <ClInclude Include="ImGUI\d3dx11core.h">
      <Filter>Header Files</Filter>
    </ClInclude>
    <ClInclude Include="ImGUI\D3DX11tex.h">
      <Filter>Header Files</Filter>
    </ClInclude>
    <ClInclude Include="ImGUI\imconfig.h">
      <Filter>Header Files</Filter>
    </ClInclude>
    <ClInclude Include="ImGUI\imgui.h">
      <Filter>Header Files</Filter>
    </ClInclude>
    <ClInclude Include="ImGUI\imgui_impl_dx11.h">
      <Filter>Header Files</Filter>
    </ClInclude>
    <ClInclude Include="ImGUI\imgui_impl_win32.h">
      <Filter>Header Files</Filter>
    </ClInclude>
    <ClInclude Include="ImGUI\imgui_internal.h">
      <Filter>Header Files</Filter>
    </ClInclude>
    <ClInclude Include="ImGUI\imstb_rectpack.h">
      <Filter>Header Files</Filter>
    </ClInclude>
    <ClInclude Include="ImGUI\imstb_textedit.h">
      <Filter>Header Files</Filter>
    </ClInclude>
    <ClInclude Include="ImGUI\imstb_truetype.h">
      <Filter>Header Files</Filter>
    </ClInclude>
    <ClInclude Include="ImGUI\stb_image.h">
      <Filter>Header Files</Filter>
    </ClInclude>
    <ClInclude Include="Overlay\Render.h">
      <Filter>Header Files</Filter>
    </ClInclude>
    <ClInclude Include="Overlay\Menu.h">
      <Filter>Header Files</Filter>
    </ClInclude>
    <ClInclude Include="resource.h">
      <Filter>Header Files</Filter>
    </ClInclude>
    <ClInclude Include="Utility\ConfigManager.h">
      <Filter>Header Files</Filter>
    </ClInclude>
  </ItemGroup>
  <ItemGroup>
    <ResourceCompile Include="B7.rc">
      <Filter>Resource Files</Filter>
    </ResourceCompile>
  </ItemGroup>
  <ItemGroup>
    <Image Include="images\BLOPSico.ico">
      <Filter>Resource Files</Filter>
    </Image>
    <Image Include="images\icon2.ico">
      <Filter>Resource Files</Filter>
    </Image>
    <Image Include="images\saeko.jpg">
      <Filter>Resource Files</Filter>
    </Image>
  </ItemGroup>
</Project>